<?xml version="1.0" encoding="utf-8"?>
<Project ToolsVersion="4.0" xmlns="http://schemas.microsoft.com/developer/msbuild/2003">
  <ItemGroup>
    <Filter Include="1. Public Headers">
      <UniqueIdentifier>{4FC737F1-C7A5-4376-A066-2A32D752A2FF}</UniqueIdentifier>
      <Extensions>cpp;c;cc;cxx;def;odl;idl;hpj;bat;asm;asmx</Extensions>
    </Filter>
    <Filter Include="2. Source Files">
      <UniqueIdentifier>{93995380-89BD-4b04-88EB-625FBE52EBFB}</UniqueIdentifier>
      <Extensions>h;hpp;hxx;hm;inl;inc;xsd</Extensions>
    </Filter>
    <Filter Include="1. Public Headers\Core">
      <UniqueIdentifier>{0db36862-4cca-4a1d-b072-035b32b2d1a4}</UniqueIdentifier>
    </Filter>
    <Filter Include="1. Public Headers\Setup">
      <UniqueIdentifier>{df96c2d9-f3e6-4d1a-ab6c-389214a6f0be}</UniqueIdentifier>
    </Filter>
    <Filter Include="4. Precompiled Header">
      <UniqueIdentifier>{30aa4837-8d49-42b1-b9f2-98fa807d00c6}</UniqueIdentifier>
    </Filter>
    <Filter Include="3. Win32 Platform">
      <UniqueIdentifier>{d81a9c4b-dbaa-4a85-811b-00e68ac04645}</UniqueIdentifier>
    </Filter>
    <Filter Include="1. Public Headers\Ui">
      <UniqueIdentifier>{8b303aac-7763-4866-8e68-f5e6e176106e}</UniqueIdentifier>
    </Filter>
    <Filter Include="2. Source Files\Ui">
      <UniqueIdentifier>{39b12d20-19d0-49f7-892d-48bc4d079c22}</UniqueIdentifier>
    </Filter>
    <Filter Include="1. Public Headers\Utils">
      <UniqueIdentifier>{1f2a7e4e-5713-4f79-9ca3-cb009d52cc14}</UniqueIdentifier>
    </Filter>
    <Filter Include="1. Public Headers\Mv">
      <UniqueIdentifier>{b5a7147d-d284-4728-8b81-c66bb0d6430e}</UniqueIdentifier>
    </Filter>
    <Filter Include="2. Source Files\Core">
      <UniqueIdentifier>{6be8fc26-7557-4c3d-99bd-fe37503f9ff9}</UniqueIdentifier>
    </Filter>
  </ItemGroup>
  <ItemGroup>
    <ClInclude Include="..\src\BrittlePch.h">
      <Filter>4. Precompiled Header</Filter>
    </ClInclude>
    <ClInclude Include="..\include\Brittle\Setup\BrittleDefs.h">
      <Filter>1. Public Headers\Setup</Filter>
    </ClInclude>
    <ClInclude Include="..\include\Brittle\Ui\UiTypes.h">
      <Filter>1. Public Headers\Ui</Filter>
    </ClInclude>
    <ClInclude Include="..\include\Brittle\Ui\Panel.h">
      <Filter>1. Public Headers\Ui</Filter>
    </ClInclude>
    <ClInclude Include="..\src\Ui\PanelBuilder.h">
      <Filter>2. Source Files\Ui</Filter>
    </ClInclude>
    <ClInclude Include="..\src\Ui\WidgetBuilder.h">
      <Filter>2. Source Files\Ui</Filter>
    </ClInclude>
    <ClInclude Include="..\include\Brittle\Utils\JsonValue.h">
      <Filter>1. Public Headers\Utils</Filter>
    </ClInclude>
    <ClInclude Include="..\src\Ui\WidgetResizer.h">
      <Filter>2. Source Files\Ui</Filter>
    </ClInclude>
    <ClInclude Include="..\src\Ui\WidgetProperties.h">
      <Filter>2. Source Files\Ui</Filter>
    </ClInclude>
    <ClInclude Include="..\include\Brittle\Utils\Geometry.h">
      <Filter>1. Public Headers\Utils</Filter>
    </ClInclude>
    <ClInclude Include="..\include\Brittle\Ui\SimpleButton.h">
      <Filter>1. Public Headers\Ui</Filter>
    </ClInclude>
    <ClInclude Include="..\include\Brittle\Ui\LabelButton.h">
      <Filter>1. Public Headers\Ui</Filter>
    </ClInclude>
    <ClInclude Include="..\include\Brittle\Mv\Model.h">
      <Filter>1. Public Headers\Mv</Filter>
    </ClInclude>
    <ClInclude Include="..\include\Brittle\Core\Async.h">
      <Filter>1. Public Headers\Core</Filter>
    </ClInclude>
    <ClInclude Include="..\src\Core\AsyncCenter.h">
      <Filter>2. Source Files\Core</Filter>
    </ClInclude>
    <ClInclude Include="..\include\Brittle\Core\SimpleApp.h">
      <Filter>1. Public Headers\Core</Filter>
    </ClInclude>
    <ClInclude Include="..\include\Brittle\Core\SimpleScene.h">
      <Filter>1. Public Headers\Core</Filter>
    </ClInclude>
    <ClInclude Include="..\include\Brittle\Core\AppSettings.h">
      <Filter>1. Public Headers\Core</Filter>
    </ClInclude>
    <ClInclude Include="..\include\Brittle\Mv\Machine.h">
      <Filter>1. Public Headers\Mv</Filter>
    </ClInclude>
  </ItemGroup>
  <ItemGroup>
    <ClCompile Include="..\src\Core.cpp">
      <Filter>2. Source Files</Filter>
    </ClCompile>
    <ClCompile Include="..\src.win32\CoreWin32.cpp">
      <Filter>3. Win32 Platform</Filter>
    </ClCompile>
    <ClCompile Include="..\src\BrittlePch.cpp">
      <Filter>4. Precompiled Header</Filter>
    </ClCompile>
    <ClCompile Include="..\src\Ui.cpp">
      <Filter>2. Source Files</Filter>
    </ClCompile>
    <ClCompile Include="..\src\Utils.cpp">
      <Filter>2. Source Files</Filter>
    </ClCompile>
    <ClCompile Include="..\src\Mv.cpp">
      <Filter>2. Source Files</Filter>
    </ClCompile>
  </ItemGroup>
</Project>